
Microsoft Visual Studio Solution File, Format Version 12.00
# Visual Studio Version 16
VisualStudioVersion = 16.0.30621.155
MinimumVisualStudioVersion = 10.0.40219.1
Project("{9A19103F-16F7-4668-BE54-9A1E7A4F7556}") = "zadanie2_Napierala", "zadanie2_Napierala.csproj", "{CCCB5753-C500-42F8-90C6-2E7B63CC9CE0}"
EndProject
Global
	GlobalSection(SolutionConfigurationPlatforms) = preSolution
		Debug|Any CPU = Debug|Any CPU
		Release|Any CPU = Release|Any CPU
	EndGlobalSection
	GlobalSection(ProjectConfigurationPlatforms) = postSolution
		{CCCB5753-C500-42F8-90C6-2E7B63CC9CE0}.Debug|Any CPU.ActiveCfg = Debug|Any CPU
		{CCCB5753-C500-42F8-90C6-2E7B63CC9CE0}.Debug|Any CPU.Build.0 = Debug|Any CPU
		{CCCB5753-C500-42F8-90C6-2E7B63CC9CE0}.Release|Any CPU.ActiveCfg = Release|Any CPU
		{CCCB5753-C500-42F8-90C6-2E7B63CC9CE0}.Release|Any CPU.Build.0 = Release|Any CPU
	EndGlobalSection
	GlobalSection(SolutionProperties) = preSolution
		HideSolutionNode = FALSE
	EndGlobalSection
	GlobalSection(ExtensibilityGlobals) = postSolution
		SolutionGuid = {4B419286-2A18-488D-B998-CE0CF2835B16}
	EndGlobalSection
EndGlobal
