
Microsoft Visual Studio Solution File, Format Version 12.00
# Visual Studio Version 16
VisualStudioVersion = 16.0.30711.63
MinimumVisualStudioVersion = 10.0.40219.1
Project("{FAE04EC0-301F-11D3-BF4B-00C04F79EFBC}") = "zadanie3_Napierala.Consolei", "zadanie3_Napierala.Consolei\zadanie3_Napierala.Consolei.csproj", "{54D9E973-91BB-40F2-B187-226B1582353D}"
EndProject
Global
	GlobalSection(SolutionConfigurationPlatforms) = preSolution
		Debug|Any CPU = Debug|Any CPU
		Release|Any CPU = Release|Any CPU
	EndGlobalSection
	GlobalSection(ProjectConfigurationPlatforms) = postSolution
		{54D9E973-91BB-40F2-B187-226B1582353D}.Debug|Any CPU.ActiveCfg = Debug|Any CPU
		{54D9E973-91BB-40F2-B187-226B1582353D}.Debug|Any CPU.Build.0 = Debug|Any CPU
		{54D9E973-91BB-40F2-B187-226B1582353D}.Release|Any CPU.ActiveCfg = Release|Any CPU
		{54D9E973-91BB-40F2-B187-226B1582353D}.Release|Any CPU.Build.0 = Release|Any CPU
	EndGlobalSection
	GlobalSection(SolutionProperties) = preSolution
		HideSolutionNode = FALSE
	EndGlobalSection
	GlobalSection(ExtensibilityGlobals) = postSolution
		SolutionGuid = {F60E8E81-8C09-4A4F-B13A-A3A17BEE9BEF}
	EndGlobalSection
EndGlobal
