
Microsoft Visual Studio Solution File, Format Version 12.00
# Visual Studio Version 16
VisualStudioVersion = 16.0.30717.126
MinimumVisualStudioVersion = 10.0.40219.1
Project("{9A19103F-16F7-4668-BE54-9A1E7A4F7556}") = "zadanie4_Napierala.Consolei", "zadanie4_Napierala.Consolei.csproj", "{DCB8B113-9BA3-43FC-A31A-713C7E3665F7}"
EndProject
Global
	GlobalSection(SolutionConfigurationPlatforms) = preSolution
		Debug|Any CPU = Debug|Any CPU
		Release|Any CPU = Release|Any CPU
	EndGlobalSection
	GlobalSection(ProjectConfigurationPlatforms) = postSolution
		{DCB8B113-9BA3-43FC-A31A-713C7E3665F7}.Debug|Any CPU.ActiveCfg = Debug|Any CPU
		{DCB8B113-9BA3-43FC-A31A-713C7E3665F7}.Debug|Any CPU.Build.0 = Debug|Any CPU
		{DCB8B113-9BA3-43FC-A31A-713C7E3665F7}.Release|Any CPU.ActiveCfg = Release|Any CPU
		{DCB8B113-9BA3-43FC-A31A-713C7E3665F7}.Release|Any CPU.Build.0 = Release|Any CPU
	EndGlobalSection
	GlobalSection(SolutionProperties) = preSolution
		HideSolutionNode = FALSE
	EndGlobalSection
	GlobalSection(ExtensibilityGlobals) = postSolution
		SolutionGuid = {2D3BF672-B451-448F-A9BF-0815FA29C204}
	EndGlobalSection
EndGlobal
