
Microsoft Visual Studio Solution File, Format Version 12.00
# Visual Studio Version 16
VisualStudioVersion = 16.0.30804.86
MinimumVisualStudioVersion = 10.0.40219.1
Project("{FAE04EC0-301F-11D3-BF4B-00C04F79EFBC}") = "Zal", "ConsoleApp1\Zal.csproj", "{0CF8E41E-C51D-4F14-B49C-CEEDE719E599}"
EndProject
Global
	GlobalSection(SolutionConfigurationPlatforms) = preSolution
		Debug|Any CPU = Debug|Any CPU
		Release|Any CPU = Release|Any CPU
	EndGlobalSection
	GlobalSection(ProjectConfigurationPlatforms) = postSolution
		{0CF8E41E-C51D-4F14-B49C-CEEDE719E599}.Debug|Any CPU.ActiveCfg = Debug|Any CPU
		{0CF8E41E-C51D-4F14-B49C-CEEDE719E599}.Debug|Any CPU.Build.0 = Debug|Any CPU
		{0CF8E41E-C51D-4F14-B49C-CEEDE719E599}.Release|Any CPU.ActiveCfg = Release|Any CPU
		{0CF8E41E-C51D-4F14-B49C-CEEDE719E599}.Release|Any CPU.Build.0 = Release|Any CPU
	EndGlobalSection
	GlobalSection(SolutionProperties) = preSolution
		HideSolutionNode = FALSE
	EndGlobalSection
	GlobalSection(ExtensibilityGlobals) = postSolution
		SolutionGuid = {4F7E2048-B3E7-41B6-BB3B-2136F8490603}
	EndGlobalSection
EndGlobal
